
Microsoft Visual Studio Solution File, Format Version 12.00
# Visual Studio Version 17
VisualStudioVersion = 17.3.32922.545
MinimumVisualStudioVersion = 10.0.40219.1
Project("{9A19103F-16F7-4668-BE54-9A1E7A4F7556}") = "NLayer.Core", "NLayer.Core\NLayer.Core.csproj", "{4D431F0F-CE5B-418A-AAB3-9CEA721B77FF}"
EndProject
Project("{9A19103F-16F7-4668-BE54-9A1E7A4F7556}") = "Nlayer.Repository", "Nlayer.Repository\Nlayer.Repository.csproj", "{30A10F1A-8D46-4001-A12B-B76908BC11BB}"
EndProject
Project("{9A19103F-16F7-4668-BE54-9A1E7A4F7556}") = "NLayer.Service", "NLayer.Service\NLayer.Service.csproj", "{52FA6506-8C7F-4F09-B6D4-F9719B7D2B7F}"
EndProject
Project("{9A19103F-16F7-4668-BE54-9A1E7A4F7556}") = "NLayer.API", "NLayer.API\NLayer.API.csproj", "{EEBB3FC2-C396-473D-94DE-C6D238F5A049}"
EndProject
Project("{9A19103F-16F7-4668-BE54-9A1E7A4F7556}") = "NLayer.Web", "NLayer.Web\NLayer.Web.csproj", "{4E9DA853-9818-448D-AD15-5ABD4B67DB0A}"
EndProject
Project("{9A19103F-16F7-4668-BE54-9A1E7A4F7556}") = "NLayer.Caching", "NLayer.Caching\NLayer.Caching.csproj", "{FF3A868D-8EF8-4790-99FA-0D64880A0705}"
EndProject
Project("{2150E333-8FDC-42A3-9474-1A3956D46DE8}") = "Solution Items", "Solution Items", "{CB927B96-20A4-45BD-9426-55912F314506}"
	ProjectSection(SolutionItems) = preProject
		Ports.txt = Ports.txt
	EndProjectSection
EndProject
Global
	GlobalSection(SolutionConfigurationPlatforms) = preSolution
		Debug|Any CPU = Debug|Any CPU
		Release|Any CPU = Release|Any CPU
	EndGlobalSection
	GlobalSection(ProjectConfigurationPlatforms) = postSolution
		{4D431F0F-CE5B-418A-AAB3-9CEA721B77FF}.Debug|Any CPU.ActiveCfg = Debug|Any CPU
		{4D431F0F-CE5B-418A-AAB3-9CEA721B77FF}.Debug|Any CPU.Build.0 = Debug|Any CPU
		{4D431F0F-CE5B-418A-AAB3-9CEA721B77FF}.Release|Any CPU.ActiveCfg = Release|Any CPU
		{4D431F0F-CE5B-418A-AAB3-9CEA721B77FF}.Release|Any CPU.Build.0 = Release|Any CPU
		{30A10F1A-8D46-4001-A12B-B76908BC11BB}.Debug|Any CPU.ActiveCfg = Debug|Any CPU
		{30A10F1A-8D46-4001-A12B-B76908BC11BB}.Debug|Any CPU.Build.0 = Debug|Any CPU
		{30A10F1A-8D46-4001-A12B-B76908BC11BB}.Release|Any CPU.ActiveCfg = Release|Any CPU
		{30A10F1A-8D46-4001-A12B-B76908BC11BB}.Release|Any CPU.Build.0 = Release|Any CPU
		{52FA6506-8C7F-4F09-B6D4-F9719B7D2B7F}.Debug|Any CPU.ActiveCfg = Debug|Any CPU
		{52FA6506-8C7F-4F09-B6D4-F9719B7D2B7F}.Debug|Any CPU.Build.0 = Debug|Any CPU
		{52FA6506-8C7F-4F09-B6D4-F9719B7D2B7F}.Release|Any CPU.ActiveCfg = Release|Any CPU
		{52FA6506-8C7F-4F09-B6D4-F9719B7D2B7F}.Release|Any CPU.Build.0 = Release|Any CPU
		{EEBB3FC2-C396-473D-94DE-C6D238F5A049}.Debug|Any CPU.ActiveCfg = Debug|Any CPU
		{EEBB3FC2-C396-473D-94DE-C6D238F5A049}.Debug|Any CPU.Build.0 = Debug|Any CPU
		{EEBB3FC2-C396-473D-94DE-C6D238F5A049}.Release|Any CPU.ActiveCfg = Release|Any CPU
		{EEBB3FC2-C396-473D-94DE-C6D238F5A049}.Release|Any CPU.Build.0 = Release|Any CPU
		{4E9DA853-9818-448D-AD15-5ABD4B67DB0A}.Debug|Any CPU.ActiveCfg = Debug|Any CPU
		{4E9DA853-9818-448D-AD15-5ABD4B67DB0A}.Debug|Any CPU.Build.0 = Debug|Any CPU
		{4E9DA853-9818-448D-AD15-5ABD4B67DB0A}.Release|Any CPU.ActiveCfg = Release|Any CPU
		{4E9DA853-9818-448D-AD15-5ABD4B67DB0A}.Release|Any CPU.Build.0 = Release|Any CPU
		{FF3A868D-8EF8-4790-99FA-0D64880A0705}.Debug|Any CPU.ActiveCfg = Debug|Any CPU
		{FF3A868D-8EF8-4790-99FA-0D64880A0705}.Debug|Any CPU.Build.0 = Debug|Any CPU
		{FF3A868D-8EF8-4790-99FA-0D64880A0705}.Release|Any CPU.ActiveCfg = Release|Any CPU
		{FF3A868D-8EF8-4790-99FA-0D64880A0705}.Release|Any CPU.Build.0 = Release|Any CPU
	EndGlobalSection
	GlobalSection(SolutionProperties) = preSolution
		HideSolutionNode = FALSE
	EndGlobalSection
	GlobalSection(ExtensibilityGlobals) = postSolution
		SolutionGuid = {CE85A001-16FA-4E7E-AEA5-2EA25ECD71DF}
	EndGlobalSection
EndGlobal
